{
  "lockfile-version": 1,
  "manifest": {
    "version": 1,
    "install": {
      "bats": {
        "pkg-path": "bats"
      },
      "shellcheck": {
        "pkg-path": "shellcheck"
      }
    },
    "hook": {},
    "profile": {},
    "options": {}
  },
  "packages": [
    {
      "attr_path": "bats",
      "broken": false,
      "derivation": "/nix/store/f1c2vb6vmq2nw5hdq44gs2bbjggv15r3-bats-1.12.0.drv",
      "description": "Bash Automated Testing System",
      "install_id": "bats",
      "license": "MIT",
      "locked_url": "https://github.com/flox/nixpkgs?rev=8c809a146a140c5c8806f13399592dbcb1bb5dc4",
      "name": "bats-1.12.0",
      "pname": "bats",
      "rev": "8c809a146a140c5c8806f13399592dbcb1bb5dc4",
      "rev_count": 957538,
      "rev_date": "2026-03-03T12:59:14Z",
      "scrape_date": "2026-03-04T04:39:37.004627Z",
      "stabilities": [
        "unstable"
      ],
      "unfree": false,
      "version": "1.12.0",
      "outputs_to_install": [
        "out"
      ],
      "outputs": {
        "out": "/nix/store/59d9drafwif4gz2n7myvsky1igp1x3pn-bats-1.12.0"
      },
      "system": "aarch64-darwin",
      "group": "toplevel",
      "priority": 5
    },
    {
      "attr_path": "bats",
      "broken": false,
      "derivation": "/nix/store/pk6jhzndqv547vy5j40mfjxfxsdf8qjz-bats-1.12.0.drv",
      "description": "Bash Automated Testing System",
      "install_id": "bats",
      "license": "MIT",
      "locked_url": "https://github.com/flox/nixpkgs?rev=8c809a146a140c5c8806f13399592dbcb1bb5dc4",
      "name": "bats-1.12.0",
      "pname": "bats",
      "rev": "8c809a146a140c5c8806f13399592dbcb1bb5dc4",
      "rev_count": 957538,
      "rev_date": "2026-03-03T12:59:14Z",
      "scrape_date": "2026-03-04T05:09:48.426361Z",
      "stabilities": [
        "unstable"
      ],
      "unfree": false,
      "version": "1.12.0",
      "outputs_to_install": [
        "out"
      ],
      "outputs": {
        "out": "/nix/store/jlchph3qc4qa2zpmgfban01p4kwr2fdq-bats-1.12.0"
      },
      "system": "aarch64-linux",
      "group": "toplevel",
      "priority": 5
    },
    {
      "attr_path": "bats",
      "broken": false,
      "derivation": "/nix/store/vgk203aq02hydb6fy110sa3rk76258lk-bats-1.12.0.drv",
      "description": "Bash Automated Testing System",
      "install_id": "bats",
      "license": "MIT",
      "locked_url": "https://github.com/flox/nixpkgs?rev=8c809a146a140c5c8806f13399592dbcb1bb5dc4",
      "name": "bats-1.12.0",
      "pname": "bats",
      "rev": "8c809a146a140c5c8806f13399592dbcb1bb5dc4",
      "rev_count": 957538,
      "rev_date": "2026-03-03T12:59:14Z",
      "scrape_date": "2026-03-04T05:38:32.020678Z",
      "stabilities": [
        "unstable"
      ],
      "unfree": false,
      "version": "1.12.0",
      "outputs_to_install": [
        "out"
      ],
      "outputs": {
        "out": "/nix/store/l4h9pqlhdalbxk9qavjhqdczxjmby4c3-bats-1.12.0"
      },
      "system": "x86_64-darwin",
      "group": "toplevel",
      "priority": 5
    },
    {
      "attr_path": "bats",
      "broken": false,
      "derivation": "/nix/store/63pyf2mnm90p7q2afhch9d3g7rbl69b4-bats-1.12.0.drv",
      "description": "Bash Automated Testing System",
      "install_id": "bats",
      "license": "MIT",
      "locked_url": "https://github.com/flox/nixpkgs?rev=8c809a146a140c5c8806f13399592dbcb1bb5dc4",
      "name": "bats-1.12.0",
      "pname": "bats",
      "rev": "8c809a146a140c5c8806f13399592dbcb1bb5dc4",
      "rev_count": 957538,
      "rev_date": "2026-03-03T12:59:14Z",
      "scrape_date": "2026-03-04T06:12:08.906673Z",
      "stabilities": [
        "unstable"
      ],
      "unfree": false,
      "version": "1.12.0",
      "outputs_to_install": [
        "out"
      ],
      "outputs": {
        "out": "/nix/store/fysq4digrp7zdpfbw0xmhk4bnp8w13rj-bats-1.12.0"
      },
      "system": "x86_64-linux",
      "group": "toplevel",
      "priority": 5
    },
    {
      "attr_path": "shellcheck",
      "broken": false,
      "derivation": "/nix/store/vvizfnzchkkjp3smh19si78dd3l836w6-shellcheck-0.11.0.drv",
      "description": "Shell script analysis tool",
      "install_id": "shellcheck",
      "license": "GPL-3.0-only",
      "locked_url": "https://github.com/flox/nixpkgs?rev=8c809a146a140c5c8806f13399592dbcb1bb5dc4",
      "name": "shellcheck-0.11.0",
      "pname": "shellcheck",
      "rev": "8c809a146a140c5c8806f13399592dbcb1bb5dc4",
      "rev_count": 957538,
      "rev_date": "2026-03-03T12:59:14Z",
      "scrape_date": "2026-03-04T04:41:18.561717Z",
      "stabilities": [
        "unstable"
      ],
      "unfree": false,
      "version": "0.11.0",
      "outputs_to_install": [
        "bin",
        "doc",
        "man"
      ],
      "outputs": {
        "bin": "/nix/store/adhxjbq5402r6vzbjkiir7cbblc0yrh8-shellcheck-0.11.0-bin",
        "doc": "/nix/store/41cc95q6jff4aw4lxpndvajidl1lsvdq-shellcheck-0.11.0-doc",
        "man": "/nix/store/hr9cii9wgnabh04bahlk76ssmjc7lmsy-shellcheck-0.11.0-man",
        "out": "/nix/store/168k09jnrsnzaj4dx2ms987ncwk6q38a-shellcheck-0.11.0"
      },
      "system": "aarch64-darwin",
      "group": "toplevel",
      "priority": 5
    },
    {
      "attr_path": "shellcheck",
      "broken": false,
      "derivation": "/nix/store/cd2pd6fiy66a4l4pvnhj697rhba8c3g6-shellcheck-0.11.0.drv",
      "description": "Shell script analysis tool",
      "install_id": "shellcheck",
      "license": "GPL-3.0-only",
      "locked_url": "https://github.com/flox/nixpkgs?rev=8c809a146a140c5c8806f13399592dbcb1bb5dc4",
      "name": "shellcheck-0.11.0",
      "pname": "shellcheck",
      "rev": "8c809a146a140c5c8806f13399592dbcb1bb5dc4",
      "rev_count": 957538,
      "rev_date": "2026-03-03T12:59:14Z",
      "scrape_date": "2026-03-04T05:12:05.536633Z",
      "stabilities": [
        "unstable"
      ],
      "unfree": false,
      "version": "0.11.0",
      "outputs_to_install": [
        "bin",
        "doc",
        "man"
      ],
      "outputs": {
        "bin": "/nix/store/265r98p68pgj5wd7k9fdq9jq2kvikxcs-shellcheck-0.11.0-bin",
        "doc": "/nix/store/swp7wmafcggw1ahb01lmwpvc32j0m1a2-shellcheck-0.11.0-doc",
        "man": "/nix/store/ij1aai8kr64xjwiwz8pdfw1bg7k3bsgx-shellcheck-0.11.0-man",
        "out": "/nix/store/cji2z7y449ga9w7w68w78h2hfbvv571g-shellcheck-0.11.0"
      },
      "system": "aarch64-linux",
      "group": "toplevel",
      "priority": 5
    },
    {
      "attr_path": "shellcheck",
      "broken": false,
      "derivation": "/nix/store/b44n2vlwvr3l9g6fm75fsd2lb1ah2fgl-shellcheck-0.11.0.drv",
      "description": "Shell script analysis tool",
      "install_id": "shellcheck",
      "license": "GPL-3.0-only",
      "locked_url": "https://github.com/flox/nixpkgs?rev=8c809a146a140c5c8806f13399592dbcb1bb5dc4",
      "name": "shellcheck-0.11.0",
      "pname": "shellcheck",
      "rev": "8c809a146a140c5c8806f13399592dbcb1bb5dc4",
      "rev_count": 957538,
      "rev_date": "2026-03-03T12:59:14Z",
      "scrape_date": "2026-03-04T05:40:13.615115Z",
      "stabilities": [
        "unstable"
      ],
      "unfree": false,
      "version": "0.11.0",
      "outputs_to_install": [
        "bin",
        "doc",
        "man"
      ],
      "outputs": {
        "bin": "/nix/store/gm56ybh3133ly1zxv3hpjqvfdnyqpbia-shellcheck-0.11.0-bin",
        "doc": "/nix/store/d2yysmry3x6d323i03n120nl5v3h5m6y-shellcheck-0.11.0-doc",
        "man": "/nix/store/wqs82cfxvj50gsfbznb4f2jscml6d9a1-shellcheck-0.11.0-man",
        "out": "/nix/store/9rrvdy73jfzrmmw0ms1x13az0qxk1sws-shellcheck-0.11.0"
      },
      "system": "x86_64-darwin",
      "group": "toplevel",
      "priority": 5
    },
    {
      "attr_path": "shellcheck",
      "broken": false,
      "derivation": "/nix/store/47yscwbl83sgc52gs152bhnn9vdhqcqa-shellcheck-0.11.0.drv",
      "description": "Shell script analysis tool",
      "install_id": "shellcheck",
      "license": "GPL-3.0-only",
      "locked_url": "https://github.com/flox/nixpkgs?rev=8c809a146a140c5c8806f13399592dbcb1bb5dc4",
      "name": "shellcheck-0.11.0",
      "pname": "shellcheck",
      "rev": "8c809a146a140c5c8806f13399592dbcb1bb5dc4",
      "rev_count": 957538,
      "rev_date": "2026-03-03T12:59:14Z",
      "scrape_date": "2026-03-04T06:14:37.169879Z",
      "stabilities": [
        "unstable"
      ],
      "unfree": false,
      "version": "0.11.0",
      "outputs_to_install": [
        "bin",
        "doc",
        "man"
      ],
      "outputs": {
        "bin": "/nix/store/i5kmqg3q40a7n5v0ax06rh22l9qp3xhm-shellcheck-0.11.0-bin",
        "doc": "/nix/store/vprzjlx9a7f0pz9dx9kbpfzrn4imxnmi-shellcheck-0.11.0-doc",
        "man": "/nix/store/ac82h7mc2zdzn4cy0lkypfs9zdc0yc0c-shellcheck-0.11.0-man",
        "out": "/nix/store/9lmh68dxfi83ip9al0dpjjlmclb3gq1x-shellcheck-0.11.0"
      },
      "system": "x86_64-linux",
      "group": "toplevel",
      "priority": 5
    }
  ]
}
