{
  "lockfile-version": 1,
  "manifest": {
    "version": 1,
    "install": {
      "bats": {
        "pkg-path": "bats"
      },
      "iproute2": {
        "pkg-path": "iproute2",
        "systems": [
          "x86_64-linux"
        ]
      },
      "numpy": {
        "pkg-path": "flox-cuda/python3Packages.numpy",
        "pkg-group": "numpy",
        "systems": [
          "aarch64-linux",
          "x86_64-linux"
        ]
      },
      "shellcheck": {
        "pkg-path": "shellcheck"
      },
      "torch": {
        "pkg-path": "flox-cuda/python3Packages.torch",
        "pkg-group": "torch",
        "systems": [
          "aarch64-linux",
          "x86_64-linux"
        ]
      },
      "transformers": {
        "pkg-path": "flox-cuda/python3Packages.transformers",
        "pkg-group": "transformers",
        "systems": [
          "aarch64-linux",
          "x86_64-linux"
        ]
      },
      "triton-onnxruntime-backend": {
        "pkg-path": "meetrlyio/triton-onnxruntime-backend",
        "priority": 5,
        "systems": [
          "x86_64-linux"
        ]
      },
      "triton-python-backend": {
        "pkg-path": "meetrlyio/triton-python-backend",
        "priority": 4,
        "systems": [
          "x86_64-linux"
        ]
      },
      "triton-server": {
        "pkg-path": "meetrlyio/triton-server",
        "systems": [
          "x86_64-linux"
        ]
      },
      "triton-tensorrt-backend": {
        "pkg-path": "meetrlyio/triton-tensorrt-backend",
        "priority": 6,
        "systems": [
          "x86_64-linux"
        ]
      },
      "triton-tensorrtllm-backend": {
        "pkg-path": "flox/triton-tensorrtllm-backend",
        "priority": 7,
        "systems": [
          "x86_64-linux"
        ]
      },
      "util-linux": {
        "pkg-path": "util-linux",
        "systems": [
          "x86_64-linux"
        ]
      },
      "vllm": {
        "pkg-path": "flox-cuda/python3Packages.vllm",
        "pkg-group": "vllm",
        "systems": [
          "x86_64-linux"
        ]
      }
    },
    "hook": {
      "on-activate": "  triton-setup-backends\n  export TRITON_BACKEND_DIR=\"$FLOX_ENV_CACHE/backends\"\n"
    },
    "profile": {},
    "options": {},
    "services": {
      "tritonserver": {
        "command": "triton-resolve-model && triton-serve"
      }
    }
  },
  "packages": [
    {
      "attr_path": "python3Packages.numpy",
      "broken": false,
      "derivation": "/nix/store/bmvsr86dxr10flc0akzsyyq6rwkii9xs-python3.13-numpy-2.4.2.drv",
      "description": "Scientific tools for Python",
      "install_id": "numpy",
      "license": "BSD-3-Clause",
      "locked_url": "https://github.com/flox/nixpkgs?rev=2fc6539b481e1d2569f25f8799236694180c0993",
      "name": "python3.13-numpy-2.4.2",
      "pname": "numpy",
      "rev": "2fc6539b481e1d2569f25f8799236694180c0993",
      "rev_count": 953160,
      "rev_date": "2026-02-23T12:05:20Z",
      "scrape_date": "2026-03-10T22:00:08.815100381Z",
      "stabilities": [
        "unstable",
        "staging",
        "stable"
      ],
      "unfree": false,
      "version": "python3.13-numpy-2.4.2",
      "outputs_to_install": [
        "out"
      ],
      "outputs": {
        "dist": "/nix/store/1w3yj61nqr3a3j72z24f20rv84018axj-python3.13-numpy-2.4.2-dist",
        "out": "/nix/store/lpwgw3c0jbq16bgazhkpniy0z7py3x3q-python3.13-numpy-2.4.2"
      },
      "system": "aarch64-linux",
      "group": "numpy",
      "priority": 5
    },
    {
      "attr_path": "python3Packages.numpy",
      "broken": false,
      "derivation": "/nix/store/gq4w1x4df0r5lgvn5wwday7mblcvqssr-python3.13-numpy-2.4.2.drv",
      "description": "Scientific tools for Python",
      "install_id": "numpy",
      "license": "BSD-3-Clause",
      "locked_url": "https://github.com/flox/nixpkgs?rev=2fc6539b481e1d2569f25f8799236694180c0993",
      "name": "python3.13-numpy-2.4.2",
      "pname": "numpy",
      "rev": "2fc6539b481e1d2569f25f8799236694180c0993",
      "rev_count": 953160,
      "rev_date": "2026-02-23T12:05:20Z",
      "scrape_date": "2026-03-10T22:00:08.815105799Z",
      "stabilities": [
        "unstable",
        "staging",
        "stable"
      ],
      "unfree": false,
      "version": "python3.13-numpy-2.4.2",
      "outputs_to_install": [
        "out"
      ],
      "outputs": {
        "dist": "/nix/store/k7jj8yzxzizzd3859q7av3syk9ial5px-python3.13-numpy-2.4.2-dist",
        "out": "/nix/store/3zydgxpc2gixvxwy77by5v1w8wvvmi9j-python3.13-numpy-2.4.2"
      },
      "system": "x86_64-linux",
      "group": "numpy",
      "priority": 5
    },
    {
      "attr_path": "python3Packages.torch",
      "broken": false,
      "derivation": "/nix/store/nwm0rchw4093kvqlms11y1aairir5764-python3.13-torch-2.10.0.drv",
      "description": "PyTorch: Tensors and Dynamic neural networks in Python with strong GPU acceleration",
      "install_id": "torch",
      "license": "BSD-3-Clause",
      "locked_url": "https://github.com/flox/nixpkgs?rev=80bdc1e5ce51f56b19791b52b2901187931f5353",
      "name": "python3.13-torch-2.10.0",
      "pname": "torchWithCuda",
      "rev": "80bdc1e5ce51f56b19791b52b2901187931f5353",
      "rev_count": 958232,
      "rev_date": "2026-03-04T11:34:51Z",
      "scrape_date": "2026-03-10T22:00:08.815125609Z",
      "stabilities": [
        "unstable",
        "staging"
      ],
      "unfree": false,
      "version": "python3.13-torch-2.10.0",
      "outputs_to_install": [
        "out"
      ],
      "outputs": {
        "cxxdev": "/nix/store/bx586ggq829y187fsplqz714rnc62vfp-python3.13-torch-2.10.0-cxxdev",
        "dev": "/nix/store/zhdrxf05gvq2z9hf5sm3ljvfk83pk85z-python3.13-torch-2.10.0-dev",
        "dist": "/nix/store/v8g8smg770x35hf741kxrqjx6rxkc1z8-python3.13-torch-2.10.0-dist",
        "lib": "/nix/store/qhj37yv8rl6qsp4d9axrjajiffbzb0sg-python3.13-torch-2.10.0-lib",
        "out": "/nix/store/fcca5sw5xzwhhszvn7nl0bjky6kvbr8j-python3.13-torch-2.10.0"
      },
      "system": "aarch64-linux",
      "group": "torch",
      "priority": 5
    },
    {
      "attr_path": "python3Packages.torch",
      "broken": false,
      "derivation": "/nix/store/2kbx0idfiaq5dj6ds3nj8bv3fgf173vf-python3.13-torch-2.10.0.drv",
      "description": "PyTorch: Tensors and Dynamic neural networks in Python with strong GPU acceleration",
      "install_id": "torch",
      "license": "BSD-3-Clause",
      "locked_url": "https://github.com/flox/nixpkgs?rev=80bdc1e5ce51f56b19791b52b2901187931f5353",
      "name": "python3.13-torch-2.10.0",
      "pname": "torchWithCuda",
      "rev": "80bdc1e5ce51f56b19791b52b2901187931f5353",
      "rev_count": 958232,
      "rev_date": "2026-03-04T11:34:51Z",
      "scrape_date": "2026-03-10T22:00:08.815126610Z",
      "stabilities": [
        "unstable",
        "staging"
      ],
      "unfree": false,
      "version": "python3.13-torch-2.10.0",
      "outputs_to_install": [
        "out"
      ],
      "outputs": {
        "cxxdev": "/nix/store/jr9vdkd936d8qb2r0mcpdi5f5ibhb0v6-python3.13-torch-2.10.0-cxxdev",
        "dev": "/nix/store/gpjc38p1lb5jibib6mzz1hxrd60h212w-python3.13-torch-2.10.0-dev",
        "dist": "/nix/store/zs3dvq0v52674zrc9nlgm0z3s2ysq4ab-python3.13-torch-2.10.0-dist",
        "lib": "/nix/store/s5x8dmjajixh6ar9mlsw5y13qg9absyz-python3.13-torch-2.10.0-lib",
        "out": "/nix/store/0l4jhb8g6ygwnhiivv8i14xnlj7y4lw2-python3.13-torch-2.10.0"
      },
      "system": "x86_64-linux",
      "group": "torch",
      "priority": 5
    },
    {
      "attr_path": "python3Packages.transformers",
      "broken": false,
      "derivation": "/nix/store/m74npsf6jk9yrnj9jwrg7j419rkh9bdz-python3.13-transformers-5.3.0.drv",
      "description": "Natural Language Processing for TensorFlow 2.0 and PyTorch",
      "install_id": "transformers",
      "license": "Apache-2.0",
      "locked_url": "https://github.com/flox/nixpkgs?rev=aca4d95fce4914b3892661bcb80b8087293536c6",
      "name": "python3.13-transformers-5.3.0",
      "pname": "transformers",
      "rev": "aca4d95fce4914b3892661bcb80b8087293536c6",
      "rev_count": 958961,
      "rev_date": "2026-03-06T04:56:59Z",
      "scrape_date": "2026-03-10T22:00:08.815128513Z",
      "stabilities": [
        "unstable"
      ],
      "unfree": false,
      "version": "5.3.0",
      "outputs_to_install": [
        "out"
      ],
      "outputs": {
        "dist": "/nix/store/v1wdihiikialr04zqq8lfh2razi9fmwh-python3.13-transformers-5.3.0-dist",
        "out": "/nix/store/40y8plzk3kn94wgpw9ibnig499pjsqhb-python3.13-transformers-5.3.0"
      },
      "system": "aarch64-linux",
      "group": "transformers",
      "priority": 5
    },
    {
      "attr_path": "python3Packages.transformers",
      "broken": false,
      "derivation": "/nix/store/32abrsi8s20ma66hi1q92inihv6192cz-python3.13-transformers-5.3.0.drv",
      "description": "Natural Language Processing for TensorFlow 2.0 and PyTorch",
      "install_id": "transformers",
      "license": "Apache-2.0",
      "locked_url": "https://github.com/flox/nixpkgs?rev=aca4d95fce4914b3892661bcb80b8087293536c6",
      "name": "python3.13-transformers-5.3.0",
      "pname": "transformers",
      "rev": "aca4d95fce4914b3892661bcb80b8087293536c6",
      "rev_count": 958961,
      "rev_date": "2026-03-06T04:56:59Z",
      "scrape_date": "2026-03-10T22:00:08.815128883Z",
      "stabilities": [
        "unstable"
      ],
      "unfree": false,
      "version": "5.3.0",
      "outputs_to_install": [
        "out"
      ],
      "outputs": {
        "dist": "/nix/store/7fcc0hywnxgffvs6p0inmhpgdsxc1p3x-python3.13-transformers-5.3.0-dist",
        "out": "/nix/store/my5xwx8w7fmzqdqy36hdisb8cs2c9sk1-python3.13-transformers-5.3.0"
      },
      "system": "x86_64-linux",
      "group": "transformers",
      "priority": 5
    },
    {
      "attr_path": "python3Packages.vllm",
      "broken": false,
      "derivation": "/nix/store/2148pqyg9vbv408rg8wbwdahlqz814hj-python3.13-vllm-0.15.1.drv",
      "description": "High-throughput and memory-efficient inference and serving engine for LLMs",
      "install_id": "vllm",
      "license": "Apache-2.0",
      "locked_url": "https://github.com/flox/nixpkgs?rev=9dcb002ca1690658be4a04645215baea8b95f31d",
      "name": "python3.13-vllm-0.15.1",
      "pname": "vllm",
      "rev": "9dcb002ca1690658be4a04645215baea8b95f31d",
      "rev_count": 960399,
      "rev_date": "2026-03-08T09:52:19Z",
      "scrape_date": "2026-03-10T22:00:08.815136445Z",
      "stabilities": [
        "unstable"
      ],
      "unfree": false,
      "version": "0.15.1",
      "outputs_to_install": [
        "out"
      ],
      "outputs": {
        "dist": "/nix/store/263gfwbgnv562kij0v24yxiam9haqzmp-python3.13-vllm-0.15.1-dist",
        "out": "/nix/store/m7f0g7qnlijhgm8fsadv7lkmn090bv9s-python3.13-vllm-0.15.1"
      },
      "system": "x86_64-linux",
      "group": "vllm",
      "priority": 5
    },
    {
      "attr_path": "bats",
      "broken": false,
      "derivation": "/nix/store/4hhr10dl68mcssazw8w73zj2znfxabgz-bats-1.12.0.drv",
      "description": "Bash Automated Testing System",
      "install_id": "bats",
      "license": "MIT",
      "locked_url": "https://github.com/flox/nixpkgs?rev=2fc6539b481e1d2569f25f8799236694180c0993",
      "name": "bats-1.12.0",
      "pname": "bats",
      "rev": "2fc6539b481e1d2569f25f8799236694180c0993",
      "rev_count": 953160,
      "rev_date": "2026-02-23T12:05:20Z",
      "scrape_date": "2026-02-25T04:46:01.570753Z",
      "stabilities": [
        "unstable",
        "staging",
        "stable"
      ],
      "unfree": false,
      "version": "1.12.0",
      "outputs_to_install": [
        "out"
      ],
      "outputs": {
        "out": "/nix/store/59d9drafwif4gz2n7myvsky1igp1x3pn-bats-1.12.0"
      },
      "system": "aarch64-darwin",
      "group": "toplevel",
      "priority": 5
    },
    {
      "attr_path": "bats",
      "broken": false,
      "derivation": "/nix/store/hz51xfzg01y472h22zh9yd6bfvn4sz13-bats-1.12.0.drv",
      "description": "Bash Automated Testing System",
      "install_id": "bats",
      "license": "MIT",
      "locked_url": "https://github.com/flox/nixpkgs?rev=2fc6539b481e1d2569f25f8799236694180c0993",
      "name": "bats-1.12.0",
      "pname": "bats",
      "rev": "2fc6539b481e1d2569f25f8799236694180c0993",
      "rev_count": 953160,
      "rev_date": "2026-02-23T12:05:20Z",
      "scrape_date": "2026-02-25T05:24:01.020869Z",
      "stabilities": [
        "unstable",
        "staging",
        "stable"
      ],
      "unfree": false,
      "version": "1.12.0",
      "outputs_to_install": [
        "out"
      ],
      "outputs": {
        "out": "/nix/store/jlchph3qc4qa2zpmgfban01p4kwr2fdq-bats-1.12.0"
      },
      "system": "aarch64-linux",
      "group": "toplevel",
      "priority": 5
    },
    {
      "attr_path": "bats",
      "broken": false,
      "derivation": "/nix/store/x6fgn467ikxc3yjsqbkbzabdz1nbj67i-bats-1.12.0.drv",
      "description": "Bash Automated Testing System",
      "install_id": "bats",
      "license": "MIT",
      "locked_url": "https://github.com/flox/nixpkgs?rev=2fc6539b481e1d2569f25f8799236694180c0993",
      "name": "bats-1.12.0",
      "pname": "bats",
      "rev": "2fc6539b481e1d2569f25f8799236694180c0993",
      "rev_count": 953160,
      "rev_date": "2026-02-23T12:05:20Z",
      "scrape_date": "2026-02-25T06:09:08.191550Z",
      "stabilities": [
        "unstable",
        "staging",
        "stable"
      ],
      "unfree": false,
      "version": "1.12.0",
      "outputs_to_install": [
        "out"
      ],
      "outputs": {
        "out": "/nix/store/l4h9pqlhdalbxk9qavjhqdczxjmby4c3-bats-1.12.0"
      },
      "system": "x86_64-darwin",
      "group": "toplevel",
      "priority": 5
    },
    {
      "attr_path": "bats",
      "broken": false,
      "derivation": "/nix/store/wbg18mal8bxxs8jd66nc5520h6gx96ia-bats-1.12.0.drv",
      "description": "Bash Automated Testing System",
      "install_id": "bats",
      "license": "MIT",
      "locked_url": "https://github.com/flox/nixpkgs?rev=2fc6539b481e1d2569f25f8799236694180c0993",
      "name": "bats-1.12.0",
      "pname": "bats",
      "rev": "2fc6539b481e1d2569f25f8799236694180c0993",
      "rev_count": 953160,
      "rev_date": "2026-02-23T12:05:20Z",
      "scrape_date": "2026-02-25T07:00:09.561573Z",
      "stabilities": [
        "unstable",
        "staging",
        "stable"
      ],
      "unfree": false,
      "version": "1.12.0",
      "outputs_to_install": [
        "out"
      ],
      "outputs": {
        "out": "/nix/store/fysq4digrp7zdpfbw0xmhk4bnp8w13rj-bats-1.12.0"
      },
      "system": "x86_64-linux",
      "group": "toplevel",
      "priority": 5
    },
    {
      "attr_path": "iproute2",
      "broken": false,
      "derivation": "/nix/store/723fhsmc3ixg2rx52rjbjyhssmqysg0a-iproute2-6.18.0.drv",
      "description": "Collection of utilities for controlling TCP/IP networking and traffic control in Linux",
      "install_id": "iproute2",
      "license": "GPL-2.0-only",
      "locked_url": "https://github.com/flox/nixpkgs?rev=2fc6539b481e1d2569f25f8799236694180c0993",
      "name": "iproute2-6.18.0",
      "pname": "iproute2",
      "rev": "2fc6539b481e1d2569f25f8799236694180c0993",
      "rev_count": 953160,
      "rev_date": "2026-02-23T12:05:20Z",
      "scrape_date": "2026-02-25T07:00:32.370175Z",
      "stabilities": [
        "unstable",
        "staging",
        "stable"
      ],
      "unfree": false,
      "version": "6.18.0",
      "outputs_to_install": [
        "out"
      ],
      "outputs": {
        "dev": "/nix/store/wnb7jzdv9qzr8csdrdalf5nss1xh1n0l-iproute2-6.18.0-dev",
        "out": "/nix/store/c9bn9jz0f89hhy5n1m7k4svlb79i33r5-iproute2-6.18.0",
        "scripts": "/nix/store/9bg7pidbd2yyfdd7b1b57g2r08hv94cw-iproute2-6.18.0-scripts"
      },
      "system": "x86_64-linux",
      "group": "toplevel",
      "priority": 5
    },
    {
      "attr_path": "shellcheck",
      "broken": false,
      "derivation": "/nix/store/30l67f1yn1k5h7jbsy8xqcpbz3gxdv4q-shellcheck-0.11.0.drv",
      "description": "Shell script analysis tool",
      "install_id": "shellcheck",
      "license": "GPL-3.0-only",
      "locked_url": "https://github.com/flox/nixpkgs?rev=2fc6539b481e1d2569f25f8799236694180c0993",
      "name": "shellcheck-0.11.0",
      "pname": "shellcheck",
      "rev": "2fc6539b481e1d2569f25f8799236694180c0993",
      "rev_count": 953160,
      "rev_date": "2026-02-23T12:05:20Z",
      "scrape_date": "2026-02-25T04:47:45.820449Z",
      "stabilities": [
        "unstable",
        "staging",
        "stable"
      ],
      "unfree": false,
      "version": "0.11.0",
      "outputs_to_install": [
        "bin",
        "doc",
        "man"
      ],
      "outputs": {
        "bin": "/nix/store/adhxjbq5402r6vzbjkiir7cbblc0yrh8-shellcheck-0.11.0-bin",
        "doc": "/nix/store/41cc95q6jff4aw4lxpndvajidl1lsvdq-shellcheck-0.11.0-doc",
        "man": "/nix/store/hr9cii9wgnabh04bahlk76ssmjc7lmsy-shellcheck-0.11.0-man",
        "out": "/nix/store/168k09jnrsnzaj4dx2ms987ncwk6q38a-shellcheck-0.11.0"
      },
      "system": "aarch64-darwin",
      "group": "toplevel",
      "priority": 5
    },
    {
      "attr_path": "shellcheck",
      "broken": false,
      "derivation": "/nix/store/xr16fq1kqkks421ca08w620r6j1i11vm-shellcheck-0.11.0.drv",
      "description": "Shell script analysis tool",
      "install_id": "shellcheck",
      "license": "GPL-3.0-only",
      "locked_url": "https://github.com/flox/nixpkgs?rev=2fc6539b481e1d2569f25f8799236694180c0993",
      "name": "shellcheck-0.11.0",
      "pname": "shellcheck",
      "rev": "2fc6539b481e1d2569f25f8799236694180c0993",
      "rev_count": 953160,
      "rev_date": "2026-02-23T12:05:20Z",
      "scrape_date": "2026-02-25T05:26:15.278525Z",
      "stabilities": [
        "unstable",
        "staging",
        "stable"
      ],
      "unfree": false,
      "version": "0.11.0",
      "outputs_to_install": [
        "bin",
        "doc",
        "man"
      ],
      "outputs": {
        "bin": "/nix/store/265r98p68pgj5wd7k9fdq9jq2kvikxcs-shellcheck-0.11.0-bin",
        "doc": "/nix/store/swp7wmafcggw1ahb01lmwpvc32j0m1a2-shellcheck-0.11.0-doc",
        "man": "/nix/store/ij1aai8kr64xjwiwz8pdfw1bg7k3bsgx-shellcheck-0.11.0-man",
        "out": "/nix/store/cji2z7y449ga9w7w68w78h2hfbvv571g-shellcheck-0.11.0"
      },
      "system": "aarch64-linux",
      "group": "toplevel",
      "priority": 5
    },
    {
      "attr_path": "shellcheck",
      "broken": false,
      "derivation": "/nix/store/8fdhf7y1lmb0chwrcr0y89sicl9cqj79-shellcheck-0.11.0.drv",
      "description": "Shell script analysis tool",
      "install_id": "shellcheck",
      "license": "GPL-3.0-only",
      "locked_url": "https://github.com/flox/nixpkgs?rev=2fc6539b481e1d2569f25f8799236694180c0993",
      "name": "shellcheck-0.11.0",
      "pname": "shellcheck",
      "rev": "2fc6539b481e1d2569f25f8799236694180c0993",
      "rev_count": 953160,
      "rev_date": "2026-02-23T12:05:20Z",
      "scrape_date": "2026-02-25T06:10:52.416247Z",
      "stabilities": [
        "unstable",
        "staging",
        "stable"
      ],
      "unfree": false,
      "version": "0.11.0",
      "outputs_to_install": [
        "bin",
        "doc",
        "man"
      ],
      "outputs": {
        "bin": "/nix/store/gm56ybh3133ly1zxv3hpjqvfdnyqpbia-shellcheck-0.11.0-bin",
        "doc": "/nix/store/d2yysmry3x6d323i03n120nl5v3h5m6y-shellcheck-0.11.0-doc",
        "man": "/nix/store/wqs82cfxvj50gsfbznb4f2jscml6d9a1-shellcheck-0.11.0-man",
        "out": "/nix/store/9rrvdy73jfzrmmw0ms1x13az0qxk1sws-shellcheck-0.11.0"
      },
      "system": "x86_64-darwin",
      "group": "toplevel",
      "priority": 5
    },
    {
      "attr_path": "shellcheck",
      "broken": false,
      "derivation": "/nix/store/fn4akh4i4a51bbixvyqvrrzn54578k8v-shellcheck-0.11.0.drv",
      "description": "Shell script analysis tool",
      "install_id": "shellcheck",
      "license": "GPL-3.0-only",
      "locked_url": "https://github.com/flox/nixpkgs?rev=2fc6539b481e1d2569f25f8799236694180c0993",
      "name": "shellcheck-0.11.0",
      "pname": "shellcheck",
      "rev": "2fc6539b481e1d2569f25f8799236694180c0993",
      "rev_count": 953160,
      "rev_date": "2026-02-23T12:05:20Z",
      "scrape_date": "2026-02-25T07:02:37.987269Z",
      "stabilities": [
        "unstable",
        "staging",
        "stable"
      ],
      "unfree": false,
      "version": "0.11.0",
      "outputs_to_install": [
        "bin",
        "doc",
        "man"
      ],
      "outputs": {
        "bin": "/nix/store/i5kmqg3q40a7n5v0ax06rh22l9qp3xhm-shellcheck-0.11.0-bin",
        "doc": "/nix/store/vprzjlx9a7f0pz9dx9kbpfzrn4imxnmi-shellcheck-0.11.0-doc",
        "man": "/nix/store/ac82h7mc2zdzn4cy0lkypfs9zdc0yc0c-shellcheck-0.11.0-man",
        "out": "/nix/store/9lmh68dxfi83ip9al0dpjjlmclb3gq1x-shellcheck-0.11.0"
      },
      "system": "x86_64-linux",
      "group": "toplevel",
      "priority": 5
    },
    {
      "attr_path": "triton-onnxruntime-backend",
      "broken": false,
      "derivation": "/nix/store/p7vqbq7030byl02c317j1lydjsyqfasz-triton-onnxruntime-backend-2.66.0.drv",
      "description": "ONNX Runtime backend for NVIDIA Triton Inference Server",
      "install_id": "triton-onnxruntime-backend",
      "license": "BSD-3-Clause",
      "locked_url": "git@github.com:barstoolbluz/build-triton-server.git?rev=3fe4183645d01cfb6aa022eabbd880c2dc0c2218",
      "name": "triton-onnxruntime-backend-2.66.0",
      "pname": "triton-onnxruntime-backend",
      "rev": "3fe4183645d01cfb6aa022eabbd880c2dc0c2218",
      "rev_count": 11,
      "rev_date": "2026-03-10T17:59:34Z",
      "scrape_date": "2026-03-11T23:41:16.865165220Z",
      "stabilities": [
        "unstable",
        "staging",
        "stable"
      ],
      "unfree": false,
      "version": "2.66.0",
      "outputs_to_install": [
        "out"
      ],
      "outputs": {
        "out": "/nix/store/vyb9d87kjm7gzylgs4gxvxa96657hmww-triton-onnxruntime-backend-2.66.0"
      },
      "system": "x86_64-linux",
      "group": "toplevel",
      "priority": 5
    },
    {
      "attr_path": "triton-python-backend",
      "broken": false,
      "derivation": "/nix/store/angcz1as9kc3idgwv855wfj76vd31w3x-triton-python-backend-2.66.0.drv",
      "description": "Python backend for NVIDIA Triton Inference Server",
      "install_id": "triton-python-backend",
      "license": "BSD-3-Clause",
      "locked_url": "git@github.com:barstoolbluz/build-triton-server.git?rev=3fe4183645d01cfb6aa022eabbd880c2dc0c2218",
      "name": "triton-python-backend-2.66.0",
      "pname": "triton-python-backend",
      "rev": "3fe4183645d01cfb6aa022eabbd880c2dc0c2218",
      "rev_count": 11,
      "rev_date": "2026-03-10T17:59:34Z",
      "scrape_date": "2026-03-11T23:41:16.865166421Z",
      "stabilities": [
        "unstable",
        "staging",
        "stable"
      ],
      "unfree": false,
      "version": "2.66.0",
      "outputs_to_install": [
        "out"
      ],
      "outputs": {
        "out": "/nix/store/4csd8gslszjagsacrv1gmzhg5jqz3vgx-triton-python-backend-2.66.0"
      },
      "system": "x86_64-linux",
      "group": "toplevel",
      "priority": 4
    },
    {
      "attr_path": "triton-server",
      "broken": false,
      "derivation": "/nix/store/vabnkg3zlininy3j403k33dqczq19wfm-triton-server-2.66.0.drv",
      "description": "NVIDIA Triton Inference Server",
      "install_id": "triton-server",
      "license": "BSD-3-Clause",
      "locked_url": "git@github.com:barstoolbluz/build-triton-server.git?rev=6c3c70d3524a8cd4fb71509e2d57a90308c5df70",
      "name": "triton-server-2.66.0",
      "pname": "triton-server",
      "rev": "6c3c70d3524a8cd4fb71509e2d57a90308c5df70",
      "rev_count": 13,
      "rev_date": "2026-03-10T21:48:25Z",
      "scrape_date": "2026-03-11T23:41:16.865167182Z",
      "stabilities": [
        "unstable",
        "staging",
        "stable"
      ],
      "unfree": false,
      "version": "2.66.0",
      "outputs_to_install": [
        "out"
      ],
      "outputs": {
        "out": "/nix/store/b4m14hzgga6kq97d3mi2whx7brf23jdh-triton-server-2.66.0"
      },
      "system": "x86_64-linux",
      "group": "toplevel",
      "priority": 5
    },
    {
      "attr_path": "triton-tensorrt-backend",
      "broken": false,
      "derivation": "/nix/store/znyqkxg8whbcbyfj0yvldvv85clg0m0j-triton-tensorrt-backend-2.66.0.drv",
      "description": "TensorRT backend for NVIDIA Triton Inference Server",
      "install_id": "triton-tensorrt-backend",
      "license": "BSD-3-Clause",
      "locked_url": "git@github.com:barstoolbluz/build-triton-server.git?rev=45ed363feb041e836577d3563fcc84d59b14cdd4",
      "name": "triton-tensorrt-backend-2.66.0",
      "pname": "triton-tensorrt-backend",
      "rev": "45ed363feb041e836577d3563fcc84d59b14cdd4",
      "rev_count": 15,
      "rev_date": "2026-03-11T02:52:29Z",
      "scrape_date": "2026-03-11T23:41:16.865167974Z",
      "stabilities": [
        "unstable",
        "staging",
        "stable"
      ],
      "unfree": false,
      "version": "2.66.0",
      "outputs_to_install": [
        "out"
      ],
      "outputs": {
        "out": "/nix/store/alb9fcxjq0pckb2c6dq8k5994yb5gj88-triton-tensorrt-backend-2.66.0"
      },
      "system": "x86_64-linux",
      "group": "toplevel",
      "priority": 6
    },
    {
      "attr_path": "triton-tensorrtllm-backend",
      "broken": false,
      "derivation": "/nix/store/kjvg8cbv7dv2lsfzr6p7gikiqv6b2hks-triton-tensorrtllm-backend-2.66.0.drv",
      "description": "TensorRT-LLM backend for NVIDIA Triton Inference Server",
      "install_id": "triton-tensorrtllm-backend",
      "license": "Apache-2.0",
      "locked_url": "git@github.com:barstoolbluz/build-triton-server.git?rev=c205bb720e61a0487eb744be28c82a340dd0a23c",
      "name": "triton-tensorrtllm-backend-2.66.0",
      "pname": "triton-tensorrtllm-backend",
      "rev": "c205bb720e61a0487eb744be28c82a340dd0a23c",
      "rev_count": 18,
      "rev_date": "2026-03-11T15:36:26Z",
      "scrape_date": "2026-03-11T23:41:16.865168665Z",
      "stabilities": [
        "unstable",
        "staging",
        "stable"
      ],
      "unfree": false,
      "version": "2.66.0",
      "outputs_to_install": [
        "out"
      ],
      "outputs": {
        "out": "/nix/store/bgfpnsx7fpmhc3vm55n9aiqzyajl5riy-triton-tensorrtllm-backend-2.66.0"
      },
      "system": "x86_64-linux",
      "group": "toplevel",
      "priority": 7
    },
    {
      "attr_path": "util-linux",
      "broken": false,
      "derivation": "/nix/store/gkyzhkc0j3akapxbcfa544xfib8mjpgj-util-linux-2.41.3.drv",
      "description": "Set of system utilities for Linux",
      "install_id": "util-linux",
      "license": "[ GPL-2.0-only, GPL-2.0-or-later, GPL-3.0-or-later, LGPL-2.1-or-later, BSD-3-Clause, BSD-4-Clause-UC, Public Domain ]",
      "locked_url": "https://github.com/flox/nixpkgs?rev=2fc6539b481e1d2569f25f8799236694180c0993",
      "name": "util-linux-2.41.3",
      "pname": "util-linux",
      "rev": "2fc6539b481e1d2569f25f8799236694180c0993",
      "rev_count": 953160,
      "rev_date": "2026-02-23T12:05:20Z",
      "scrape_date": "2026-02-25T07:03:33.896613Z",
      "stabilities": [
        "unstable",
        "staging",
        "stable"
      ],
      "unfree": false,
      "version": "2.41.3",
      "outputs_to_install": [
        "bin",
        "bin",
        "man"
      ],
      "outputs": {
        "bin": "/nix/store/ilk5qzvkadnj7lx58hfinfvl7jmhriq6-util-linux-2.41.3-bin",
        "debug": "/nix/store/h1alr7b0r4whfcgjcz6470zcn0zaaf8k-util-linux-2.41.3-debug",
        "dev": "/nix/store/k0rhbhlsbi3g2wmgsjshjg2k4kp4r22p-util-linux-2.41.3-dev",
        "lastlog": "/nix/store/cax4mci827xmsdi0sy0agd5jjlckw95y-util-linux-2.41.3-lastlog",
        "lib": "/nix/store/db6sbfmg9zb4g1v77kwpd4waq0ij55nd-util-linux-2.41.3-lib",
        "login": "/nix/store/51q6y1n2q6illbgqlm5fkhs8hc06rbjf-util-linux-2.41.3-login",
        "man": "/nix/store/ip5rmycc2shxfr3jnzgcmmzah3ickdj8-util-linux-2.41.3-man",
        "mount": "/nix/store/8c2ly0rd4bh2cqbq5rainxchvcn56pq0-util-linux-2.41.3-mount",
        "out": "/nix/store/vcwnqdg2aa8gyvizl7s4q12j6hy19172-util-linux-2.41.3",
        "swap": "/nix/store/7kfa6vaj8f0kihbx6fqsam327yr5zpcj-util-linux-2.41.3-swap"
      },
      "system": "x86_64-linux",
      "group": "toplevel",
      "priority": 5
    }
  ]
}
